<?xml version="1.0" encoding="utf-8"?>
<Project ToolsVersion="4.0" xmlns="http://schemas.microsoft.com/developer/msbuild/2003">
  <ItemGroup>
    <Filter Include="Source Files">
      <UniqueIdentifier>{4FC737F1-C7A5-4376-A066-2A32D752A2FF}</UniqueIdentifier>
      <Extensions>cpp;c;cc;cxx;def;odl;idl;hpj;bat;asm;asmx</Extensions>
    </Filter>
    <Filter Include="Header Files">
      <UniqueIdentifier>{93995380-89BD-4b04-88EB-625FBE52EBFB}</UniqueIdentifier>
      <Extensions>h;hpp;hxx;hm;inl;inc;xsd</Extensions>
    </Filter>
    <Filter Include="Resource Files">
      <UniqueIdentifier>{67DA6AB6-F800-4c08-8B7A-83BB121AAD01}</UniqueIdentifier>
      <Extensions>rc;ico;cur;bmp;dlg;rc2;rct;bin;rgs;gif;jpg;jpeg;jpe;resx;tiff;tif;png;wav;mfcribbon-ms</Extensions>
    </Filter>
  </ItemGroup>
  <ItemGroup>
    <ClCompile Include="main.cpp">
      <Filter>Source Files</Filter>
    </ClCompile>
    <ClCompile Include="AutomatBiletowy.cpp">
      <Filter>Source Files</Filter>
    </ClCompile>
    <ClCompile Include="Klient.cpp">
      <Filter>Source Files</Filter>
    </ClCompile>
    <ClCompile Include="Kibic.cpp">
      <Filter>Source Files</Filter>
    </ClCompile>
    <ClCompile Include="Bilet.cpp">
      <Filter>Source Files</Filter>
    </ClCompile>
    <ClCompile Include="Papierowy.cpp">
      <Filter>Source Files</Filter>
    </ClCompile>
    <ClCompile Include="Elektroniczny.cpp">
      <Filter>Source Files</Filter>
    </ClCompile>
    <ClCompile Include="Jednorazowy.cpp">
      <Filter>Source Files</Filter>
    </ClCompile>
    <ClCompile Include="JednorazowyE.cpp">
      <Filter>Source Files</Filter>
    </ClCompile>
    <ClCompile Include="Okresowy.cpp">
      <Filter>Source Files</Filter>
    </ClCompile>
    <ClCompile Include="Stadion.cpp">
      <Filter>Source Files</Filter>
    </ClCompile>
    <ClCompile Include="Miejsce.cpp">
      <Filter>Source Files</Filter>
    </ClCompile>
    <ClCompile Include="BiletyElektroniczne.cpp">
      <Filter>Source Files</Filter>
    </ClCompile>
    <ClCompile Include="Blad.cpp">
      <Filter>Source Files</Filter>
    </ClCompile>
  </ItemGroup>
  <ItemGroup>
    <ClInclude Include="AutomatBiletowy.h">
      <Filter>Header Files</Filter>
    </ClInclude>
    <ClInclude Include="Klient.h">
      <Filter>Header Files</Filter>
    </ClInclude>
    <ClInclude Include="Kibic.h">
      <Filter>Header Files</Filter>
    </ClInclude>
    <ClInclude Include="Bilet.h">
      <Filter>Header Files</Filter>
    </ClInclude>
    <ClInclude Include="Papierowy.h">
      <Filter>Header Files</Filter>
    </ClInclude>
    <ClInclude Include="Elektroniczny.h">
      <Filter>Header Files</Filter>
    </ClInclude>
    <ClInclude Include="Jednorazowy.h">
      <Filter>Header Files</Filter>
    </ClInclude>
    <ClInclude Include="JednorazowyE.h">
      <Filter>Header Files</Filter>
    </ClInclude>
    <ClInclude Include="Okresowy.h">
      <Filter>Header Files</Filter>
    </ClInclude>
    <ClInclude Include="Stadion.h">
      <Filter>Header Files</Filter>
    </ClInclude>
    <ClInclude Include="Miejsce.h">
      <Filter>Header Files</Filter>
    </ClInclude>
    <ClInclude Include="BiletyElektroniczne.h">
      <Filter>Header Files</Filter>
    </ClInclude>
    <ClInclude Include="Blad.h">
      <Filter>Header Files</Filter>
    </ClInclude>
    <ClInclude Include="resource.h">
      <Filter>Header Files</Filter>
    </ClInclude>
  </ItemGroup>
  <ItemGroup>
    <ResourceCompile Include="Automat Biletowy.rc">
      <Filter>Resource Files</Filter>
    </ResourceCompile>
  </ItemGroup>
</Project>